
Microsoft Visual Studio Solution File, Format Version 12.00
Project("{FAE04EC0-301F-11D3-BF4B-00C04F79EFBC}") = "FilesPractisce", "FilesPractisce\FilesPractisce.csproj", "{660F2D03-7C4D-4F74-A834-961D055B3D05}"
EndProject
Global
	GlobalSection(SolutionConfigurationPlatforms) = preSolution
		Debug|Any CPU = Debug|Any CPU
		Release|Any CPU = Release|Any CPU
	EndGlobalSection
	GlobalSection(ProjectConfigurationPlatforms) = postSolution
		{660F2D03-7C4D-4F74-A834-961D055B3D05}.Debug|Any CPU.ActiveCfg = Debug|Any CPU
		{660F2D03-7C4D-4F74-A834-961D055B3D05}.Debug|Any CPU.Build.0 = Debug|Any CPU
		{660F2D03-7C4D-4F74-A834-961D055B3D05}.Release|Any CPU.ActiveCfg = Release|Any CPU
		{660F2D03-7C4D-4F74-A834-961D055B3D05}.Release|Any CPU.Build.0 = Release|Any CPU
	EndGlobalSection
EndGlobal
